PODS:
  - React (0.43.4):
    - React/Core (= 0.43.4)
  - React/Core (0.43.4):
    - React/cxxreact
    - Yoga (= 0.43.4.React)
  - React/cxxreact (0.43.4):
    - React/jschelpers
  - React/DevSupport (0.43.4):
    - React/Core
    - React/RCTWebSocket
  - React/jschelpers (0.43.4)
  - React/RCTActionSheet (0.43.4):
    - React/Core
  - React/RCTAnimation (0.43.4):
    - React/Core
  - React/RCTImage (0.43.4):
    - React/Core
    - React/RCTNetwork
  - React/RCTLinkingIOS (0.43.4):
    - React/Core
  - React/RCTNetwork (0.43.4):
    - React/Core
  - React/RCTText (0.43.4):
    - React/Core
  - React/RCTWebSocket (0.43.4):
    - React/Core
  - RNVectorIcons (4.1.1):
    - React
  - Yoga (0.43.4.React)

DEPENDENCIES:
  - React/Core (from `../node_modules/react-native`)
  - React/DevSupport (from `../node_modules/react-native`)
  - React/RCTActionSheet (from `../node_modules/react-native`)
  - React/RCTAnimation (from `../node_modules/react-native`)
  - React/RCTImage (from `../node_modules/react-native`)
  - React/RCTLinkingIOS (from `../node_modules/react-native`)
  - React/RCTNetwork (from `../node_modules/react-native`)
  - React/RCTText (from `../node_modules/react-native`)
  - React/RCTWebSocket (from `../node_modules/react-native`)
  - RNVectorIcons (from `../node_modules/react-native-vector-icons`)
  - Yoga (from `../node_modules/react-native/ReactCommon/yoga`)

EXTERNAL SOURCES:
  React:
    :path: "../node_modules/react-native"
  RNVectorIcons:
    :path: "../node_modules/react-native-vector-icons"
  Yoga:
    :path: "../node_modules/react-native/ReactCommon/yoga"

SPEC CHECKSUMS:
  React: 607aa7eb8b0e44b102f95f43fd49dc8aedefa93f
  RNVectorIcons: bd2cc5c12b08b9150fd9333d201c213ca2c715b8
  Yoga: 2a70bc5ab41486a272b9fd5b76c482ba9268c5dd

PODFILE CHECKSUM: ec80c2d091712ea6629eb3373ec8a2d2ed9cacdb

COCOAPODS: 1.2.0
